{
  "originHash" : "2da3b9e513eafdea3397580a98b40468ac38331422a65e8b54fa2d0978720e2a",
  "pins" : [
    {
      "identity" : "purchases-ios-spm",
      "kind" : "remoteSourceControl",
      "location" : "https://github.com/RevenueCat/purchases-ios-spm.git",
      "state" : {
        "revision" : "62a687627d75f77401887cbf6c1393ec8d7f21ec",
        "version" : "5.72.0"
      }
    },
    {
      "identity" : "revenuecatkit",
      "kind" : "remoteSourceControl",
      "location" : "https://github.com/vishal-vaghasiya/RevenueCatKit",
      "state" : {
        "revision" : "9ba8c365398319f83874d477a6e42cc7971403c5",
        "version" : "1.0.0"
      }
    }
  ],
  "version" : 3
}
